{
  "nodes": {
    "nixpkgs": {
      "locked": {
        "lastModified": 1785571196,
        "narHash": "sha256-xwSqxTsama0YTtS78+4YyCm6jJg09v78QWfP1cAyoVA=",
        "rev": "148bab9c1c3c53136ecb44a6ea356a0ed5b39b06",
        "type": "tarball",
        "url": "https://releases.nixos.org/nixos/unstable/nixos-26.11pre1045728.148bab9c1c3c/nixexprs.tar.xz"
      },
      "original": {
        "type": "tarball",
        "url": "https://channels.nixos.org/nixos-unstable/nixexprs.tar.xz"
      }
    },
    "nixpkgs_2": {
      "locked": {
        "lastModified": 1778869304,
        "narHash": "sha256-VdRy3A14M5vIE882DJcaaR+5wrss9Qsg4YNVbr7uj3k=",
        "rev": "d233902339c02a9c334e7e593de68855ad26c4cb",
        "type": "tarball",
        "url": "https://releases.nixos.org/nixos/unstable/nixos-26.05pre998534.d233902339c0/nixexprs.tar.xz"
      },
      "original": {
        "type": "tarball",
        "url": "https://channels.nixos.org/nixos-unstable/nixexprs.tar.xz"
      }
    },
    "presets-cream-of-the-crop": {
      "flake": false,
      "locked": {
        "lastModified": 1759980756,
        "narHash": "sha256-4ZyrXmiLR8hyzad9qPjOiDaVEEpPDR+nBr2uTrbRxLw=",
        "owner": "projectM-visualizer",
        "repo": "presets-cream-of-the-crop",
        "rev": "0180df21f5e0bd39b9060cc5de420ed2f1f9e509",
        "type": "github"
      },
      "original": {
        "owner": "projectM-visualizer",
        "repo": "presets-cream-of-the-crop",
        "type": "github"
      }
    },
    "presets-photosensitive-filtered": {
      "inputs": {
        "nixpkgs": "nixpkgs_2",
        "presets-cream-of-the-crop": "presets-cream-of-the-crop"
      },
      "locked": {
        "lastModified": 1779535713,
        "narHash": "sha256-en7aBmrPmqHt9BaoAszLXvod8Bu6NWiR33lSliMMk20=",
        "owner": "weissi1994",
        "repo": "presets-photosensitive-filtered",
        "rev": "67ce39dc73618aff84484271c7d3cb66b4bd2e2a",
        "type": "github"
      },
      "original": {
        "owner": "weissi1994",
        "repo": "presets-photosensitive-filtered",
        "type": "github"
      }
    },
    "root": {
      "inputs": {
        "nixpkgs": "nixpkgs",
        "presets-photosensitive-filtered": "presets-photosensitive-filtered"
      }
    }
  },
  "root": "root",
  "version": 7
}
